<?xml version="1.0" encoding="UTF-8" standalone="yes" ?>
<CodeBlocks_project_file>
	<FileVersion major="1" minor="6" />
	<Project>
		<Option title="CWPutils" />
		<Option makefile_is_custom="1" />
		<Option pch_mode="2" />
		<Option compiler="gcc" />
		<Build>
			<Target title="build">
				<Option output="env2" prefix_auto="1" extension_auto="1" />
				<Option object_output="obj/Debug/" />
				<Option type="1" />
				<Option compiler="gcc" />
				<Option parameters='&quot;-ndf bash -vxc ~~ yes\\tno&quot; &quot;echo -E 0=$0&quot;' />
				<Option host_application="C:/cygwin/bin/mintty.exe -e" />
				<Option run_host_application_in_terminal="0" />
				<Compiler>
					<Add option="-g" />
				</Compiler>
			</Target>
			<Target title="clean">
				<Option type="4" />
				<Option compiler="gcc" />
			</Target>
			<Target title="test">
				<Option type="4" />
				<Option compiler="gcc" />
			</Target>
		</Build>
		<Compiler>
			<Add option="-Wall" />
			<Add option="-fexceptions" />
		</Compiler>
		<Unit filename="Makefile">
			<Option target="build" />
		</Unit>
		<Unit filename="dumpargs.cc">
			<Option target="build" />
		</Unit>
		<Unit filename="env2.cc">
			<Option target="build" />
		</Unit>
		<Unit filename="env2.hh">
			<Option target="build" />
		</Unit>
		<Unit filename="env2lib.hh">
			<Option target="build" />
		</Unit>
		<Unit filename="merge_arrays.cc">
			<Option target="build" />
		</Unit>
		<Unit filename="sample_interpreter.cc">
			<Option target="build" />
		</Unit>
		<Unit filename="sample_interpreter.hh">
			<Option target="build" />
		</Unit>
		<Unit filename="sample_script.si">
			<Option target="build" />
		</Unit>
		<Unit filename="test_env2.sh">
			<Option target="build" />
		</Unit>
		<Unit filename="vars2.cc">
			<Option target="build" />
		</Unit>
		<Extensions>
			<lib_finder disable_auto="1" />
		</Extensions>
	</Project>
</CodeBlocks_project_file>
